
Microsoft Visual Studio Solution File, Format Version 12.00
# Visual Studio Version 17
VisualStudioVersion = 17.9.34607.119
MinimumVisualStudioVersion = 10.0.40219.1
Project("{9A19103F-16F7-4668-BE54-9A1E7A4F7556}") = "Project.MVC", "Project.MVC\Project.MVC.csproj", "{86A8C3F8-957A-4573-95C9-3EFA7D91AF15}"
EndProject
Project("{FAE04EC0-301F-11D3-BF4B-00C04F79EFBC}") = "Project.Service", "Project.Service2\Project.Service.csproj", "{DAA6BAB5-F6CD-4B42-91EB-32343F956A55}"
EndProject
Global
	GlobalSection(SolutionConfigurationPlatforms) = preSolution
		Debug|Any CPU = Debug|Any CPU
		Release|Any CPU = Release|Any CPU
	EndGlobalSection
	GlobalSection(ProjectConfigurationPlatforms) = postSolution
		{86A8C3F8-957A-4573-95C9-3EFA7D91AF15}.Debug|Any CPU.ActiveCfg = Debug|Any CPU
		{86A8C3F8-957A-4573-95C9-3EFA7D91AF15}.Debug|Any CPU.Build.0 = Debug|Any CPU
		{86A8C3F8-957A-4573-95C9-3EFA7D91AF15}.Release|Any CPU.ActiveCfg = Release|Any CPU
		{86A8C3F8-957A-4573-95C9-3EFA7D91AF15}.Release|Any CPU.Build.0 = Release|Any CPU
		{DAA6BAB5-F6CD-4B42-91EB-32343F956A55}.Debug|Any CPU.ActiveCfg = Debug|Any CPU
		{DAA6BAB5-F6CD-4B42-91EB-32343F956A55}.Debug|Any CPU.Build.0 = Debug|Any CPU
		{DAA6BAB5-F6CD-4B42-91EB-32343F956A55}.Release|Any CPU.ActiveCfg = Release|Any CPU
		{DAA6BAB5-F6CD-4B42-91EB-32343F956A55}.Release|Any CPU.Build.0 = Release|Any CPU
	EndGlobalSection
	GlobalSection(SolutionProperties) = preSolution
		HideSolutionNode = FALSE
	EndGlobalSection
	GlobalSection(ExtensibilityGlobals) = postSolution
		SolutionGuid = {3F604052-FB4B-46B0-B4A9-C20B5E1F0497}
	EndGlobalSection
EndGlobal
